
Microsoft Visual Studio Solution File, Format Version 12.00
# Visual Studio 15
VisualStudioVersion = 15.0.28307.421
MinimumVisualStudioVersion = 10.0.40219.1
Project("{FAE04EC0-301F-11D3-BF4B-00C04F79EFBC}") = "MediatRSample", "MediatRSample\MediatRSample.csproj", "{47ED8744-C321-410D-B054-7B8338178603}"
EndProject
Project("{FAE04EC0-301F-11D3-BF4B-00C04F79EFBC}") = "Application", "..\Application\Application.csproj", "{946979C4-8661-4A3C-9CA5-F427F14C69EC}"
EndProject
Project("{FAE04EC0-301F-11D3-BF4B-00C04F79EFBC}") = "Request", "Request\Request.csproj", "{51D14251-0EA4-46D8-80B1-A65785DA922B}"
EndProject
Project("{2150E333-8FDC-42A3-9474-1A3956D46DE8}") = "Src", "Src", "{DDBC8418-0E5B-4044-BFE7-E1E60619CBBF}"
EndProject
Project("{2150E333-8FDC-42A3-9474-1A3956D46DE8}") = "Tests", "Tests", "{F31A7A3C-E830-4A28-B0EE-B0297F705546}"
EndProject
Project("{2150E333-8FDC-42A3-9474-1A3956D46DE8}") = "ApplicationCore", "ApplicationCore", "{30C02849-AC37-4542-9A19-F410479B0570}"
EndProject
Project("{2150E333-8FDC-42A3-9474-1A3956D46DE8}") = "WebApi", "WebApi", "{375E67C9-FBF2-45F1-AB29-0D5A5736675F}"
EndProject
Project("{FAE04EC0-301F-11D3-BF4B-00C04F79EFBC}") = "Infrastructure", "Infrastructure\Infrastructure.csproj", "{B466C009-C205-41A8-B416-072990B4BF99}"
EndProject
Global
	GlobalSection(SolutionConfigurationPlatforms) = preSolution
		Debug|Any CPU = Debug|Any CPU
		Release|Any CPU = Release|Any CPU
	EndGlobalSection
	GlobalSection(ProjectConfigurationPlatforms) = postSolution
		{47ED8744-C321-410D-B054-7B8338178603}.Debug|Any CPU.ActiveCfg = Debug|Any CPU
		{47ED8744-C321-410D-B054-7B8338178603}.Debug|Any CPU.Build.0 = Debug|Any CPU
		{47ED8744-C321-410D-B054-7B8338178603}.Release|Any CPU.ActiveCfg = Release|Any CPU
		{47ED8744-C321-410D-B054-7B8338178603}.Release|Any CPU.Build.0 = Release|Any CPU
		{946979C4-8661-4A3C-9CA5-F427F14C69EC}.Debug|Any CPU.ActiveCfg = Debug|Any CPU
		{946979C4-8661-4A3C-9CA5-F427F14C69EC}.Debug|Any CPU.Build.0 = Debug|Any CPU
		{946979C4-8661-4A3C-9CA5-F427F14C69EC}.Release|Any CPU.ActiveCfg = Release|Any CPU
		{946979C4-8661-4A3C-9CA5-F427F14C69EC}.Release|Any CPU.Build.0 = Release|Any CPU
		{51D14251-0EA4-46D8-80B1-A65785DA922B}.Debug|Any CPU.ActiveCfg = Debug|Any CPU
		{51D14251-0EA4-46D8-80B1-A65785DA922B}.Debug|Any CPU.Build.0 = Debug|Any CPU
		{51D14251-0EA4-46D8-80B1-A65785DA922B}.Release|Any CPU.ActiveCfg = Release|Any CPU
		{51D14251-0EA4-46D8-80B1-A65785DA922B}.Release|Any CPU.Build.0 = Release|Any CPU
		{B466C009-C205-41A8-B416-072990B4BF99}.Debug|Any CPU.ActiveCfg = Debug|Any CPU
		{B466C009-C205-41A8-B416-072990B4BF99}.Debug|Any CPU.Build.0 = Debug|Any CPU
		{B466C009-C205-41A8-B416-072990B4BF99}.Release|Any CPU.ActiveCfg = Release|Any CPU
		{B466C009-C205-41A8-B416-072990B4BF99}.Release|Any CPU.Build.0 = Release|Any CPU
	EndGlobalSection
	GlobalSection(SolutionProperties) = preSolution
		HideSolutionNode = FALSE
	EndGlobalSection
	GlobalSection(NestedProjects) = preSolution
		{47ED8744-C321-410D-B054-7B8338178603} = {375E67C9-FBF2-45F1-AB29-0D5A5736675F}
		{946979C4-8661-4A3C-9CA5-F427F14C69EC} = {30C02849-AC37-4542-9A19-F410479B0570}
		{51D14251-0EA4-46D8-80B1-A65785DA922B} = {30C02849-AC37-4542-9A19-F410479B0570}
		{30C02849-AC37-4542-9A19-F410479B0570} = {DDBC8418-0E5B-4044-BFE7-E1E60619CBBF}
		{375E67C9-FBF2-45F1-AB29-0D5A5736675F} = {DDBC8418-0E5B-4044-BFE7-E1E60619CBBF}
		{B466C009-C205-41A8-B416-072990B4BF99} = {DDBC8418-0E5B-4044-BFE7-E1E60619CBBF}
	EndGlobalSection
	GlobalSection(ExtensibilityGlobals) = postSolution
		SolutionGuid = {53E9BB80-D328-431B-A8ED-9DF3F09E3C56}
	EndGlobalSection
EndGlobal
